
Microsoft Visual Studio Solution File, Format Version 12.00
# Visual Studio Version 17
VisualStudioVersion = 17.8.34330.188
MinimumVisualStudioVersion = 10.0.40219.1
Project("{FAE04EC0-301F-11D3-BF4B-00C04F79EFBC}") = "zavdanya5", "zavdanya5\zavdanya5.csproj", "{2248B2DA-351B-479F-9214-91F4A15D52DF}"
EndProject
Global
	GlobalSection(SolutionConfigurationPlatforms) = preSolution
		Debug|Any CPU = Debug|Any CPU
		Release|Any CPU = Release|Any CPU
	EndGlobalSection
	GlobalSection(ProjectConfigurationPlatforms) = postSolution
		{2248B2DA-351B-479F-9214-91F4A15D52DF}.Debug|Any CPU.ActiveCfg = Debug|Any CPU
		{2248B2DA-351B-479F-9214-91F4A15D52DF}.Debug|Any CPU.Build.0 = Debug|Any CPU
		{2248B2DA-351B-479F-9214-91F4A15D52DF}.Release|Any CPU.ActiveCfg = Release|Any CPU
		{2248B2DA-351B-479F-9214-91F4A15D52DF}.Release|Any CPU.Build.0 = Release|Any CPU
	EndGlobalSection
	GlobalSection(SolutionProperties) = preSolution
		HideSolutionNode = FALSE
	EndGlobalSection
	GlobalSection(ExtensibilityGlobals) = postSolution
		SolutionGuid = {61DCB46D-C99E-4EE0-9C57-47C7AF531103}
	EndGlobalSection
EndGlobal
